
Microsoft Visual Studio Solution File, Format Version 12.00
# Visual Studio Version 17
VisualStudioVersion = 17.2.32526.322
MinimumVisualStudioVersion = 10.0.40219.1
Project("{FAE04EC0-301F-11D3-BF4B-00C04F79EFBC}") = "Shared", "Shared\Shared.csproj", "{9F3A02E8-3E09-43C3-93FF-C3A6A5E5CAFD}"
EndProject
Global
	GlobalSection(SolutionConfigurationPlatforms) = preSolution
		Debug|Any CPU = Debug|Any CPU
		Release|Any CPU = Release|Any CPU
	EndGlobalSection
	GlobalSection(ProjectConfigurationPlatforms) = postSolution
		{9F3A02E8-3E09-43C3-93FF-C3A6A5E5CAFD}.Debug|Any CPU.ActiveCfg = Debug|Any CPU
		{9F3A02E8-3E09-43C3-93FF-C3A6A5E5CAFD}.Debug|Any CPU.Build.0 = Debug|Any CPU
		{9F3A02E8-3E09-43C3-93FF-C3A6A5E5CAFD}.Release|Any CPU.ActiveCfg = Release|Any CPU
		{9F3A02E8-3E09-43C3-93FF-C3A6A5E5CAFD}.Release|Any CPU.Build.0 = Release|Any CPU
	EndGlobalSection
	GlobalSection(SolutionProperties) = preSolution
		HideSolutionNode = FALSE
	EndGlobalSection
	GlobalSection(ExtensibilityGlobals) = postSolution
		SolutionGuid = {2D6254FD-303C-4F4C-949D-2816D8BD2740}
	EndGlobalSection
EndGlobal
